<?xml version="1.0" encoding="utf-8"?>
<Project ToolsVersion="4.0" xmlns="http://schemas.microsoft.com/developer/msbuild/2003">
  <ItemGroup>
    <Filter Include="Source Files">
      <UniqueIdentifier>{4FC737F1-C7A5-4376-A066-2A32D752A2FF}</UniqueIdentifier>
      <Extensions>cpp;c;cc;cxx;c++;cppm;ixx;def;odl;idl;hpj;bat;asm;asmx</Extensions>
    </Filter>
    <Filter Include="Header Files">
      <UniqueIdentifier>{93995380-89BD-4b04-88EB-625FBE52EBFB}</UniqueIdentifier>
      <Extensions>h;hh;hpp;hxx;h++;hm;inl;inc;ipp;xsd</Extensions>
    </Filter>
    <Filter Include="Resource Files">
      <UniqueIdentifier>{67DA6AB6-F800-4c08-8B7A-83BB121AAD01}</UniqueIdentifier>
      <Extensions>rc;ico;cur;bmp;dlg;rc2;rct;bin;rgs;gif;jpg;jpeg;jpe;resx;tiff;tif;png;wav;mfcribbon-ms</Extensions>
    </Filter>
  </ItemGroup>
  <ItemGroup>
    <ClInclude Include="iStd\pthread\include\pthread.h">
      <Filter>Header Files</Filter>
    </ClInclude>
    <ClInclude Include="iStd\pthread\include\sched.h">
      <Filter>Header Files</Filter>
    </ClInclude>
    <ClInclude Include="iStd\pthread\include\semaphore.h">
      <Filter>Header Files</Filter>
    </ClInclude>
    <ClInclude Include="iStd\iNetwork\iClient.h">
      <Filter>Header Files</Filter>
    </ClInclude>
    <ClInclude Include="iStd\iNetwork\iNetwork.h">
      <Filter>Header Files</Filter>
    </ClInclude>
    <ClInclude Include="iStd\iNetwork\iServer.h">
      <Filter>Header Files</Filter>
    </ClInclude>
    <ClInclude Include="iStd\iStd.h">
      <Filter>Header Files</Filter>
    </ClInclude>
    <ClInclude Include="iStd\iType.h">
      <Filter>Header Files</Filter>
    </ClInclude>
    <ClInclude Include="iStd\iWindows.h">
      <Filter>Header Files</Filter>
    </ClInclude>
    <ClInclude Include="iStd\iContainer\iArray.h">
      <Filter>Header Files</Filter>
    </ClInclude>
    <ClInclude Include="iStd\iContainer\iHashTable.h">
      <Filter>Header Files</Filter>
    </ClInclude>
    <ClInclude Include="iStd\iContainer\iList.h">
      <Filter>Header Files</Filter>
    </ClInclude>
    <ClInclude Include="iStd\iContainer\iQueue.h">
      <Filter>Header Files</Filter>
    </ClInclude>
    <ClInclude Include="iStd\iContainer\iString.h">
      <Filter>Header Files</Filter>
    </ClInclude>
    <ClInclude Include="iStd\iContainer\iStack.h">
      <Filter>Header Files</Filter>
    </ClInclude>
    <ClInclude Include="iStd\iThreadPool.h">
      <Filter>Header Files</Filter>
    </ClInclude>
    <ClInclude Include="iStd\iNetwork\iConnectionManager.h">
      <Filter>Header Files</Filter>
    </ClInclude>
  </ItemGroup>
  <ItemGroup>
    <ClCompile Include="iStd\iNetwork\iClient.cpp">
      <Filter>Source Files</Filter>
    </ClCompile>
    <ClCompile Include="iStd\iNetwork\iNetwork.cpp">
      <Filter>Source Files</Filter>
    </ClCompile>
    <ClCompile Include="iStd\iNetwork\iServer.cpp">
      <Filter>Source Files</Filter>
    </ClCompile>
    <ClCompile Include="iStd\iStd.cpp">
      <Filter>Source Files</Filter>
    </ClCompile>
    <ClCompile Include="iStd\iWindows.cpp">
      <Filter>Source Files</Filter>
    </ClCompile>
    <ClCompile Include="iStd\iContainer\iArray.cpp">
      <Filter>Source Files</Filter>
    </ClCompile>
    <ClCompile Include="iStd\iContainer\iHashTable.cpp">
      <Filter>Source Files</Filter>
    </ClCompile>
    <ClCompile Include="iStd\iContainer\iList.cpp">
      <Filter>Source Files</Filter>
    </ClCompile>
    <ClCompile Include="iStd\iContainer\iQueue.cpp">
      <Filter>Source Files</Filter>
    </ClCompile>
    <ClCompile Include="iStd\iContainer\iString.cpp">
      <Filter>Source Files</Filter>
    </ClCompile>
    <ClCompile Include="iStd\iContainer\iStack.cpp">
      <Filter>Source Files</Filter>
    </ClCompile>
    <ClCompile Include="iStd\iThreadPool.cpp">
      <Filter>Source Files</Filter>
    </ClCompile>
    <ClCompile Include="main.cpp">
      <Filter>Source Files</Filter>
    </ClCompile>
    <ClCompile Include="iStd\iNetwork\iConnectionManager.cpp">
      <Filter>Source Files</Filter>
    </ClCompile>
  </ItemGroup>
</Project>